{
  "version": 4,
  "terraform_version": "1.14.8",
  "serial": 19,
  "lineage": "ad6e0a68-4700-73e8-4877-122f2b8b8833",
  "outputs": {
    "service_url": {
      "value": "https://django-app-staging-v6fcuhuz4q-uc.a.run.app",
      "type": "string"
    }
  },
  "resources": [
    {
      "mode": "managed",
      "type": "google_artifact_registry_repository",
      "name": "repo",
      "provider": "provider[\"registry.terraform.io/hashicorp/google\"]",
      "instances": [
        {
          "schema_version": 0,
          "attributes": {
            "cleanup_policies": [],
            "cleanup_policy_dry_run": false,
            "create_time": "2026-04-17T13:04:08.498635Z",
            "description": "",
            "docker_config": [],
            "effective_labels": {},
            "format": "DOCKER",
            "id": "projects/ace-course-web-app-489106/locations/us-central1/repositories/django-repo",
            "kms_key_name": "",
            "labels": {},
            "location": "us-central1",
            "maven_config": [],
            "mode": "STANDARD_REPOSITORY",
            "name": "django-repo",
            "project": "ace-course-web-app-489106",
            "remote_repository_config": [],
            "repository_id": "django-repo",
            "terraform_labels": {},
            "timeouts": null,
            "update_time": "2026-04-19T05:02:48.465093Z",
            "virtual_repository_config": []
          },
          "sensitive_attributes": [],
          "identity_schema_version": 0,
          "private": "eyJlMmJmYjczMC1lY2FhLTExZTYtOGY4OC0zNDM2M2JjN2M0YzAiOnsiY3JlYXRlIjoxMjAwMDAwMDAwMDAwLCJkZWxldGUiOjEyMDAwMDAwMDAwMDAsInVwZGF0ZSI6MTIwMDAwMDAwMDAwMH0sInNjaGVtYV92ZXJzaW9uIjoiMCJ9"
        }
      ]
    },
    {
      "mode": "managed",
      "type": "google_cloud_run_service",
      "name": "app",
      "provider": "provider[\"registry.terraform.io/hashicorp/google\"]",
      "instances": [
        {
          "schema_version": 2,
          "attributes": {
            "autogenerate_revision_name": false,
            "id": "locations/us-central1/namespaces/ace-course-web-app-489106/services/django-app-staging",
            "location": "us-central1",
            "metadata": [
              {
                "annotations": {},
                "effective_annotations": {
                  "run.googleapis.com/ingress": "all",
                  "run.googleapis.com/ingress-status": "all",
                  "run.googleapis.com/maxScale": "20",
                  "run.googleapis.com/operation-id": "54dcea9c-01c1-4cc7-9d05-404ad38db9b5",
                  "run.googleapis.com/urls": "[\"https://django-app-staging-184642967443.us-central1.run.app\",\"https://django-app-staging-v6fcuhuz4q-uc.a.run.app\"]",
                  "serving.knative.dev/creator": "johncarloaguilar.pinlac@gmail.com",
                  "serving.knative.dev/lastModifier": "johncarloaguilar.pinlac@gmail.com"
                },
                "effective_labels": {
                  "cloud.googleapis.com/location": "us-central1"
                },
                "generation": 1,
                "labels": {},
                "namespace": "ace-course-web-app-489106",
                "resource_version": "AAZPzIcP87I",
                "self_link": "/apis/serving.knative.dev/v1/namespaces/184642967443/services/django-app-staging",
                "terraform_labels": {},
                "uid": "170f5474-90e2-4615-89ee-2c89daf6b574"
              }
            ],
            "name": "django-app-staging",
            "project": "ace-course-web-app-489106",
            "status": [
              {
                "conditions": [
                  {
                    "message": "",
                    "reason": "",
                    "status": "True",
                    "type": "Ready"
                  },
                  {
                    "message": "",
                    "reason": "",
                    "status": "True",
                    "type": "ConfigurationsReady"
                  },
                  {
                    "message": "",
                    "reason": "",
                    "status": "True",
                    "type": "RoutesReady"
                  }
                ],
                "latest_created_revision_name": "django-app-staging-00001-nn7",
                "latest_ready_revision_name": "django-app-staging-00001-nn7",
                "observed_generation": 1,
                "traffic": [
                  {
                    "latest_revision": true,
                    "percent": 100,
                    "revision_name": "django-app-staging-00001-nn7",
                    "tag": "",
                    "url": ""
                  }
                ],
                "url": "https://django-app-staging-v6fcuhuz4q-uc.a.run.app"
              }
            ],
            "template": [
              {
                "metadata": [
                  {
                    "annotations": {},
                    "generation": 0,
                    "labels": {
                      "run.googleapis.com/startupProbeType": "Default"
                    },
                    "name": "",
                    "namespace": "",
                    "resource_version": "",
                    "self_link": "",
                    "uid": ""
                  }
                ],
                "spec": [
                  {
                    "container_concurrency": 80,
                    "containers": [
                      {
                        "args": null,
                        "command": null,
                        "env": [
                          {
                            "name": "ALLOWED_HOSTS",
                            "value": ".run.app,localhost",
                            "value_from": []
                          },
                          {
                            "name": "DJANGO_DEBUG",
                            "value": "False",
                            "value_from": []
                          },
                          {
                            "name": "DJANGO_SECRET_KEY",
                            "value": "",
                            "value_from": [
                              {
                                "secret_key_ref": [
                                  {
                                    "key": "latest",
                                    "name": "django-secret-key"
                                  }
                                ]
                              }
                            ]
                          },
                          {
                            "name": "ENVIRONMENT",
                            "value": "staging",
                            "value_from": []
                          }
                        ],
                        "env_from": [],
                        "image": "us-central1-docker.pkg.dev/ace-course-web-app-489106/django-repo/django-app",
                        "liveness_probe": [],
                        "name": "",
                        "ports": [
                          {
                            "container_port": 8080,
                            "name": "http1",
                            "protocol": ""
                          }
                        ],
                        "resources": [
                          {
                            "limits": {
                              "cpu": "1000m",
                              "memory": "512Mi"
                            },
                            "requests": {}
                          }
                        ],
                        "startup_probe": [
                          {
                            "failure_threshold": 1,
                            "grpc": [],
                            "http_get": [],
                            "initial_delay_seconds": 0,
                            "period_seconds": 240,
                            "tcp_socket": [
                              {
                                "port": 8080
                              }
                            ],
                            "timeout_seconds": 240
                          }
                        ],
                        "volume_mounts": [],
                        "working_dir": ""
                      }
                    ],
                    "service_account_name": "184642967443-compute@developer.gserviceaccount.com",
                    "serving_state": "",
                    "timeout_seconds": 300,
                    "volumes": []
                  }
                ]
              }
            ],
            "timeouts": null,
            "traffic": [
              {
                "latest_revision": true,
                "percent": 100,
                "revision_name": "",
                "tag": "",
                "url": ""
              }
            ]
          },
          "sensitive_attributes": [],
          "identity_schema_version": 0,
          "private": "eyJlMmJmYjczMC1lY2FhLTExZTYtOGY4OC0zNDM2M2JjN2M0YzAiOnsiY3JlYXRlIjoxMjAwMDAwMDAwMDAwLCJkZWxldGUiOjEyMDAwMDAwMDAwMDAsInVwZGF0ZSI6MTIwMDAwMDAwMDAwMH0sInNjaGVtYV92ZXJzaW9uIjoiMiJ9"
        }
      ]
    },
    {
      "mode": "managed",
      "type": "google_cloud_run_service_iam_member",
      "name": "public",
      "provider": "provider[\"registry.terraform.io/hashicorp/google\"]",
      "instances": [
        {
          "schema_version": 0,
          "attributes": {
            "condition": [],
            "etag": "BwZPzIc6+YY=",
            "id": "v1/projects/ace-course-web-app-489106/locations/us-central1/services/django-app-staging/roles/run.invoker/allUsers",
            "location": "us-central1",
            "member": "allUsers",
            "project": "ace-course-web-app-489106",
            "role": "roles/run.invoker",
            "service": "v1/projects/ace-course-web-app-489106/locations/us-central1/services/django-app-staging"
          },
          "sensitive_attributes": [],
          "identity_schema_version": 0,
          "private": "bnVsbA==",
          "dependencies": [
            "google_cloud_run_service.app"
          ]
        }
      ]
    },
    {
      "mode": "managed",
      "type": "google_project_iam_member",
      "name": "artifact_writer",
      "provider": "provider[\"registry.terraform.io/hashicorp/google\"]",
      "instances": [
        {
          "schema_version": 0,
          "attributes": {
            "condition": [],
            "etag": "BwZPyRKw/TM=",
            "id": "ace-course-web-app-489106/roles/artifactregistry.writer/serviceAccount:django-cicd-sa-001@ace-course-web-app-489106.iam.gserviceaccount.com",
            "member": "serviceAccount:django-cicd-sa-001@ace-course-web-app-489106.iam.gserviceaccount.com",
            "project": "ace-course-web-app-489106",
            "role": "roles/artifactregistry.writer"
          },
          "sensitive_attributes": [],
          "identity_schema_version": 0,
          "private": "bnVsbA==",
          "dependencies": [
            "google_service_account.cicd"
          ]
        }
      ]
    },
    {
      "mode": "managed",
      "type": "google_project_iam_member",
      "name": "run_admin",
      "provider": "provider[\"registry.terraform.io/hashicorp/google\"]",
      "instances": [
        {
          "schema_version": 0,
          "attributes": {
            "condition": [],
            "etag": "BwZPyRKw/TM=",
            "id": "ace-course-web-app-489106/roles/run.admin/serviceAccount:django-cicd-sa-001@ace-course-web-app-489106.iam.gserviceaccount.com",
            "member": "serviceAccount:django-cicd-sa-001@ace-course-web-app-489106.iam.gserviceaccount.com",
            "project": "ace-course-web-app-489106",
            "role": "roles/run.admin"
          },
          "sensitive_attributes": [],
          "identity_schema_version": 0,
          "private": "bnVsbA==",
          "dependencies": [
            "google_service_account.cicd"
          ]
        }
      ]
    },
    {
      "mode": "managed",
      "type": "google_project_iam_member",
      "name": "sa_user",
      "provider": "provider[\"registry.terraform.io/hashicorp/google\"]",
      "instances": [
        {
          "schema_version": 0,
          "attributes": {
            "condition": [],
            "etag": "BwZPyRKw/TM=",
            "id": "ace-course-web-app-489106/roles/iam.serviceAccountUser/serviceAccount:django-cicd-sa-001@ace-course-web-app-489106.iam.gserviceaccount.com",
            "member": "serviceAccount:django-cicd-sa-001@ace-course-web-app-489106.iam.gserviceaccount.com",
            "project": "ace-course-web-app-489106",
            "role": "roles/iam.serviceAccountUser"
          },
          "sensitive_attributes": [],
          "identity_schema_version": 0,
          "private": "bnVsbA==",
          "dependencies": [
            "google_service_account.cicd"
          ]
        }
      ]
    },
    {
      "mode": "managed",
      "type": "google_service_account",
      "name": "cicd",
      "provider": "provider[\"registry.terraform.io/hashicorp/google\"]",
      "instances": [
        {
          "schema_version": 0,
          "attributes": {
            "account_id": "django-cicd-sa-001",
            "create_ignore_already_exists": null,
            "description": "",
            "disabled": false,
            "display_name": "Django CI/CD SA",
            "email": "django-cicd-sa-001@ace-course-web-app-489106.iam.gserviceaccount.com",
            "id": "projects/ace-course-web-app-489106/serviceAccounts/django-cicd-sa-001@ace-course-web-app-489106.iam.gserviceaccount.com",
            "member": "serviceAccount:django-cicd-sa-001@ace-course-web-app-489106.iam.gserviceaccount.com",
            "name": "projects/ace-course-web-app-489106/serviceAccounts/django-cicd-sa-001@ace-course-web-app-489106.iam.gserviceaccount.com",
            "project": "ace-course-web-app-489106",
            "timeouts": null,
            "unique_id": "107985203142394181418"
          },
          "sensitive_attributes": [],
          "identity_schema_version": 0,
          "private": "eyJlMmJmYjczMC1lY2FhLTExZTYtOGY4OC0zNDM2M2JjN2M0YzAiOnsiY3JlYXRlIjozMDAwMDAwMDAwMDB9LCJzY2hlbWFfdmVyc2lvbiI6IjAifQ=="
        }
      ]
    }
  ],
  "check_results": null
}
